<?xml version="1.0" encoding="utf-8"?>
<Project ToolsVersion="4.0" xmlns="http://schemas.microsoft.com/developer/msbuild/2003">
  <ItemGroup>
    <Filter Include="source">
      <UniqueIdentifier>{c4a71566-55e1-480e-94ec-8973d4744ca8}</UniqueIdentifier>
    </Filter>
    <Filter Include="source\modules">
      <UniqueIdentifier>{13a2fade-dde5-4f89-8f8c-eacdd79e96b8}</UniqueIdentifier>
    </Filter>
    <Filter Include="source\readme">
      <UniqueIdentifier>{817d1502-ba8b-43c1-a17a-bb6f19b82209}</UniqueIdentifier>
    </Filter>
    <Filter Include="source\modules\common">
      <UniqueIdentifier>{0478c405-40e2-4edd-811b-5985ddd5889a}</UniqueIdentifier>
    </Filter>
    <Filter Include="source\modules\entries">
      <UniqueIdentifier>{830e9fe3-ecc9-4d24-96fb-f53171a7c579}</UniqueIdentifier>
    </Filter>
    <Filter Include="source\modules\fields">
      <UniqueIdentifier>{2a83c1d7-20de-466f-8775-43400cebd78d}</UniqueIdentifier>
    </Filter>
    <Filter Include="source\modules\misc">
      <UniqueIdentifier>{03ada01a-db58-453d-83ac-520438af1f25}</UniqueIdentifier>
    </Filter>
    <Filter Include="source\modules\outputs">
      <UniqueIdentifier>{e6bbd984-d1b0-4042-bd23-cf284f9c4577}</UniqueIdentifier>
    </Filter>
    <Filter Include="source\modules\prepares">
      <UniqueIdentifier>{a6c55245-c5d0-41bd-950f-fc9e0e82fc6c}</UniqueIdentifier>
    </Filter>
    <Filter Include="source\modules\tests">
      <UniqueIdentifier>{4032ebdb-1624-4380-8439-d36f8e0a24a6}</UniqueIdentifier>
    </Filter>
    <Filter Include="source\modules\tests\BinaryOutputLogger">
      <UniqueIdentifier>{42017c9d-23d9-4761-8347-46f0428a37ad}</UniqueIdentifier>
    </Filter>
    <Filter Include="source\modules\tests\ColoredLogger">
      <UniqueIdentifier>{6f1b512f-4d5e-409a-bd0e-7cadebb82478}</UniqueIdentifier>
    </Filter>
    <Filter Include="source\modules\tests\CommandLineLogger">
      <UniqueIdentifier>{05d58c23-3b04-4a8c-ad10-d44adc59114c}</UniqueIdentifier>
    </Filter>
    <Filter Include="source\modules\tests\CustomEntryLogger">
      <UniqueIdentifier>{95608a22-17fe-428c-a022-b77039f62b92}</UniqueIdentifier>
    </Filter>
    <Filter Include="source\modules\tests\CustomFieldLogger">
      <UniqueIdentifier>{4c3e9c24-f6f7-4235-ab7e-e5d1db137212}</UniqueIdentifier>
    </Filter>
    <Filter Include="source\modules\tests\CustomStringOutputLogger">
      <UniqueIdentifier>{13f1da2e-8109-4f74-8b1b-44916d97bbc6}</UniqueIdentifier>
    </Filter>
    <Filter Include="source\modules\tests\DirectLogger">
      <UniqueIdentifier>{14a6c42b-019f-43ef-a118-b859c19a41c5}</UniqueIdentifier>
    </Filter>
    <Filter Include="source\modules\tests\MaxiLogger">
      <UniqueIdentifier>{8426b6b3-f71c-4017-a1b2-440eace9e756}</UniqueIdentifier>
    </Filter>
    <Filter Include="source\modules\tests\MiniLogger">
      <UniqueIdentifier>{bdf6017d-2001-46a5-83a0-ce1149f33264}</UniqueIdentifier>
    </Filter>
    <Filter Include="source\modules\tests\SeparateFilesLogger">
      <UniqueIdentifier>{b108e396-6af4-4d55-b118-9b291a67843b}</UniqueIdentifier>
    </Filter>
    <Filter Include="source\modules\tests\SeveralLoggers">
      <UniqueIdentifier>{000bbb29-2ad2-4030-9f9f-dda223573393}</UniqueIdentifier>
    </Filter>
    <Filter Include="source\modules\tests\UnboundQueueLoggger">
      <UniqueIdentifier>{e2d3c01b-cc2e-445c-a9eb-70ef8a9b76dd}</UniqueIdentifier>
    </Filter>
  </ItemGroup>
  <ItemGroup>
    <None Include="source\readme\About.md">
      <Filter>source\readme</Filter>
    </None>
    <None Include="source\readme\TODO.md">
      <Filter>source\readme</Filter>
    </None>
  </ItemGroup>
  <ItemGroup>
    <ClCompile Include="source\modules\common\Glas.Exception.ixx">
      <Filter>source\modules\common</Filter>
    </ClCompile>
    <ClCompile Include="source\modules\common\Glass.BasicCharBufferWriter.ixx">
      <Filter>source\modules\common</Filter>
    </ClCompile>
    <ClCompile Include="source\modules\common\Glass.Concepts.ixx">
      <Filter>source\modules\common</Filter>
    </ClCompile>
    <ClCompile Include="source\modules\entries\Glas.BytesEntry.ixx">
      <Filter>source\modules\entries</Filter>
    </ClCompile>
    <ClCompile Include="source\modules\entries\Glas.ErrorEntry.ixx">
      <Filter>source\modules\entries</Filter>
    </ClCompile>
    <ClCompile Include="source\modules\entries\Glas.InfoEntry.ixx">
      <Filter>source\modules\entries</Filter>
    </ClCompile>
    <ClCompile Include="source\modules\entries\Glas.LinesEntry.ixx">
      <Filter>source\modules\entries</Filter>
    </ClCompile>
    <ClCompile Include="source\modules\entries\Glas.SequenceEntry.ixx">
      <Filter>source\modules\entries</Filter>
    </ClCompile>
    <ClCompile Include="source\modules\entries\Glas.SuccessEntry.ixx">
      <Filter>source\modules\entries</Filter>
    </ClCompile>
    <ClCompile Include="source\modules\entries\Glas.TraceEntry.ixx">
      <Filter>source\modules\entries</Filter>
    </ClCompile>
    <ClCompile Include="source\modules\entries\Glas.WarningEntry.ixx">
      <Filter>source\modules\entries</Filter>
    </ClCompile>
    <ClCompile Include="source\modules\fields\Glas.ErrorCodeField.ixx">
      <Filter>source\modules\fields</Filter>
    </ClCompile>
    <ClCompile Include="source\modules\fields\Glas.LocationField.ixx">
      <Filter>source\modules\fields</Filter>
    </ClCompile>
    <ClCompile Include="source\modules\fields\Glas.LoggerNameField.ixx">
      <Filter>source\modules\fields</Filter>
    </ClCompile>
    <ClCompile Include="source\modules\fields\Glas.MessageField.ixx">
      <Filter>source\modules\fields</Filter>
    </ClCompile>
    <ClCompile Include="source\modules\fields\Glas.ThreadIDField.ixx">
      <Filter>source\modules\fields</Filter>
    </ClCompile>
    <ClCompile Include="source\modules\fields\Glas.TimePointField.ixx">
      <Filter>source\modules\fields</Filter>
    </ClCompile>
    <ClCompile Include="source\modules\fields\Glas.TypeField.ixx">
      <Filter>source\modules\fields</Filter>
    </ClCompile>
    <ClCompile Include="source\modules\misc\Glas.Entry.ixx">
      <Filter>source\modules\misc</Filter>
    </ClCompile>
    <ClCompile Include="source\modules\misc\Glas.Format.ixx">
      <Filter>source\modules\misc</Filter>
    </ClCompile>
    <ClCompile Include="source\modules\misc\Glas.Logger.ixx">
      <Filter>source\modules\misc</Filter>
    </ClCompile>
    <ClCompile Include="source\modules\misc\Glas.Output.ixx">
      <Filter>source\modules\misc</Filter>
    </ClCompile>
    <ClCompile Include="source\modules\misc\Glas.OutputManager.ixx">
      <Filter>source\modules\misc</Filter>
    </ClCompile>
    <ClCompile Include="source\modules\misc\Glas.Padding.ixx">
      <Filter>source\modules\misc</Filter>
    </ClCompile>
    <ClCompile Include="source\modules\misc\Glas.Queue.ixx">
      <Filter>source\modules\misc</Filter>
    </ClCompile>
    <ClCompile Include="source\modules\misc\Glas.StringOutputFormat.ixx">
      <Filter>source\modules\misc</Filter>
    </ClCompile>
    <ClCompile Include="source\modules\misc\Glas.VTSequence.ixx">
      <Filter>source\modules\misc</Filter>
    </ClCompile>
    <ClCompile Include="source\modules\misc\Glas.VTStyle.ixx">
      <Filter>source\modules\misc</Filter>
    </ClCompile>
    <ClCompile Include="source\modules\prepares\Glas.LocationPrepare.ixx">
      <Filter>source\modules\prepares</Filter>
    </ClCompile>
    <ClCompile Include="source\modules\prepares\Glas.LoggerNamePrepare.ixx">
      <Filter>source\modules\prepares</Filter>
    </ClCompile>
    <ClCompile Include="source\modules\prepares\Glas.MessagePrepare.ixx">
      <Filter>source\modules\prepares</Filter>
    </ClCompile>
    <ClCompile Include="source\modules\prepares\Glas.TypePrepare.ixx">
      <Filter>source\modules\prepares</Filter>
    </ClCompile>
    <ClCompile Include="source\modules\outputs\Glas.ConsoleStringOutput.ixx">
      <Filter>source\modules\outputs</Filter>
    </ClCompile>
    <ClCompile Include="source\modules\outputs\Glas.DebugStringOutput.ixx">
      <Filter>source\modules\outputs</Filter>
    </ClCompile>
    <ClCompile Include="source\modules\outputs\Glas.File.ixx">
      <Filter>source\modules\outputs</Filter>
    </ClCompile>
    <ClCompile Include="source\modules\outputs\Glas.FileStringOutput.ixx">
      <Filter>source\modules\outputs</Filter>
    </ClCompile>
    <ClCompile Include="source\modules\tests\BinaryOutputLogger\Glas.Test.BinaryOutputFile.ixx">
      <Filter>source\modules\tests\BinaryOutputLogger</Filter>
    </ClCompile>
    <ClCompile Include="source\modules\tests\BinaryOutputLogger\Glas.Test.BinaryOutputLogger.ixx">
      <Filter>source\modules\tests\BinaryOutputLogger</Filter>
    </ClCompile>
    <ClCompile Include="source\modules\tests\BinaryOutputLogger\Glas.Test.ValueEntry.ixx">
      <Filter>source\modules\tests\BinaryOutputLogger</Filter>
    </ClCompile>
    <ClCompile Include="source\modules\tests\ColoredLogger\Glas.Test.ColoredLogger.ixx">
      <Filter>source\modules\tests\ColoredLogger</Filter>
    </ClCompile>
    <ClCompile Include="source\modules\tests\CommandLineLogger\CommandLineLogger.ixx">
      <Filter>source\modules\tests\CommandLineLogger</Filter>
    </ClCompile>
    <ClCompile Include="source\modules\tests\CustomEntryLogger\Glas.Test.CriticalEntry.ixx">
      <Filter>source\modules\tests\CustomEntryLogger</Filter>
    </ClCompile>
    <ClCompile Include="source\modules\tests\CustomEntryLogger\Glas.Test.CustomEntryLogger.ixx">
      <Filter>source\modules\tests\CustomEntryLogger</Filter>
    </ClCompile>
    <ClCompile Include="source\modules\tests\CustomFieldLogger\Glas.Test.CustomFieldLogger.ixx">
      <Filter>source\modules\tests\CustomFieldLogger</Filter>
    </ClCompile>
    <ClCompile Include="source\modules\tests\CustomFieldLogger\Glas.Test.UserNameField.ixx">
      <Filter>source\modules\tests\CustomFieldLogger</Filter>
    </ClCompile>
    <ClCompile Include="source\modules\tests\CustomStringOutputLogger\Glas.Test.CustomStringOutputLogger.ixx">
      <Filter>source\modules\tests\CustomStringOutputLogger</Filter>
    </ClCompile>
    <ClCompile Include="source\modules\tests\CustomStringOutputLogger\Glas.Test.WindowsEventOutput.ixx">
      <Filter>source\modules\tests\CustomStringOutputLogger</Filter>
    </ClCompile>
    <ClCompile Include="source\modules\tests\DirectLogger\Glas.Test.DirectLogger.ixx">
      <Filter>source\modules\tests\DirectLogger</Filter>
    </ClCompile>
    <ClCompile Include="source\modules\tests\MaxiLogger\Glas.Test.MaxiLogger.ixx">
      <Filter>source\modules\tests\MaxiLogger</Filter>
    </ClCompile>
    <ClCompile Include="source\modules\tests\MiniLogger\Glas.Test.MiniLogger.ixx">
      <Filter>source\modules\tests\MiniLogger</Filter>
    </ClCompile>
    <ClCompile Include="source\modules\tests\UnboundQueueLoggger\Glas.Test.UnboundQueueLogger.ixx">
      <Filter>source\modules\tests\UnboundQueueLoggger</Filter>
    </ClCompile>
    <ClCompile Include="source\modules\tests\SeveralLoggers\Glas.Test.DebugLogger.ixx">
      <Filter>source\modules\tests\SeveralLoggers</Filter>
    </ClCompile>
    <ClCompile Include="source\modules\tests\SeveralLoggers\Glas.Test.NotifyLogger.ixx">
      <Filter>source\modules\tests\SeveralLoggers</Filter>
    </ClCompile>
    <ClCompile Include="source\modules\tests\SeveralLoggers\Glas.Test.OtherLogger.ixx">
      <Filter>source\modules\tests\SeveralLoggers</Filter>
    </ClCompile>
    <ClCompile Include="source\modules\tests\SeparateFilesLogger\Glas.Test.SeparateFilesLogger.ixx">
      <Filter>source\modules\tests\SeparateFilesLogger</Filter>
    </ClCompile>
    <ClCompile Include="source\modules\tests\MiniLogger\Main.cpp">
      <Filter>source\modules\tests\MiniLogger</Filter>
    </ClCompile>
  </ItemGroup>
</Project>